
Microsoft Visual Studio Solution File, Format Version 12.00
# Visual Studio 15
VisualStudioVersion = 15.0.27428.2015
MinimumVisualStudioVersion = 10.0.40219.1
Project("{FAE04EC0-301F-11D3-BF4B-00C04F79EFBC}") = "TwentyOne", "TwentyOne\TwentyOne.csproj", "{35C1098B-B4EB-4E53-974F-6C6C36F96A4A}"
EndProject
Project("{FAE04EC0-301F-11D3-BF4B-00C04F79EFBC}") = "Casino", "Casino\Casino.csproj", "{FF95E58C-B0B0-4066-9268-33D8C7E8D15A}"
EndProject
Global
	GlobalSection(SolutionConfigurationPlatforms) = preSolution
		Debug|Any CPU = Debug|Any CPU
		Release|Any CPU = Release|Any CPU
	EndGlobalSection
	GlobalSection(ProjectConfigurationPlatforms) = postSolution
		{35C1098B-B4EB-4E53-974F-6C6C36F96A4A}.Debug|Any CPU.ActiveCfg = Debug|Any CPU
		{35C1098B-B4EB-4E53-974F-6C6C36F96A4A}.Debug|Any CPU.Build.0 = Debug|Any CPU
		{35C1098B-B4EB-4E53-974F-6C6C36F96A4A}.Release|Any CPU.ActiveCfg = Release|Any CPU
		{35C1098B-B4EB-4E53-974F-6C6C36F96A4A}.Release|Any CPU.Build.0 = Release|Any CPU
		{FF95E58C-B0B0-4066-9268-33D8C7E8D15A}.Debug|Any CPU.ActiveCfg = Debug|Any CPU
		{FF95E58C-B0B0-4066-9268-33D8C7E8D15A}.Debug|Any CPU.Build.0 = Debug|Any CPU
		{FF95E58C-B0B0-4066-9268-33D8C7E8D15A}.Release|Any CPU.ActiveCfg = Release|Any CPU
		{FF95E58C-B0B0-4066-9268-33D8C7E8D15A}.Release|Any CPU.Build.0 = Release|Any CPU
	EndGlobalSection
	GlobalSection(SolutionProperties) = preSolution
		HideSolutionNode = FALSE
	EndGlobalSection
	GlobalSection(ExtensibilityGlobals) = postSolution
		SolutionGuid = {3AD9C2FA-5DD1-4063-BB34-8156AE1E8DF6}
	EndGlobalSection
EndGlobal
